
Microsoft Visual Studio Solution File, Format Version 12.00
# Visual Studio Version 17
VisualStudioVersion = 17.0.31903.59
MinimumVisualStudioVersion = 10.0.40219.1
Project("{2150E333-8FDC-42A3-9474-1A3956D46DE8}") = "src", "src", "{0FC00E33-65F4-4750-9420-5B43082C1B78}"
EndProject
Project("{2150E333-8FDC-42A3-9474-1A3956D46DE8}") = "tests", "tests", "{AC55BB88-F2F9-432F-8F65-1698E6B5B951}"
EndProject
Project("{9A19103F-16F7-4668-BE54-9A1E7A4F7556}") = "FCG.Application.Tests", "tests\FCG.Application.Tests\FCG.Application.Tests.csproj", "{A92A9766-D1E2-4DCD-B308-4EA906BC65BE}"
EndProject
Project("{2150E333-8FDC-42A3-9474-1A3956D46DE8}") = "1.FCG.Web", "1.FCG.Web", "{9310AB0A-2295-4799-A579-97F987551A27}"
EndProject
Project("{2150E333-8FDC-42A3-9474-1A3956D46DE8}") = "2.FCG.Application", "2.FCG.Application", "{E6BF7353-FC4C-419C-817B-47DFEB343079}"
EndProject
Project("{2150E333-8FDC-42A3-9474-1A3956D46DE8}") = "3.FCG.Domain", "3.FCG.Domain", "{EC222718-C688-4EA6-8832-4B5D3418B06B}"
EndProject
Project("{2150E333-8FDC-42A3-9474-1A3956D46DE8}") = "4.FCG.Infrastructure", "4.FCG.Infrastructure", "{B63EFD8D-FCF9-4AD6-B51B-CA7B52D352B6}"
EndProject
Project("{9A19103F-16F7-4668-BE54-9A1E7A4F7556}") = "FCG.Infrastructure", "src\FCG.Infrastructure\FCG.Infrastructure.csproj", "{D80CDD64-B3A3-47D4-9F2D-7CA24F0F54F5}"
EndProject
Project("{9A19103F-16F7-4668-BE54-9A1E7A4F7556}") = "FCG.Application", "src\FCG.Application\FCG.Application.csproj", "{AA5E11D0-67F4-4012-9DF1-6B53D71BA540}"
EndProject
Project("{9A19103F-16F7-4668-BE54-9A1E7A4F7556}") = "FCG.Domain", "src\FCG.Domain\FCG.Domain.csproj", "{B36E12A6-C55C-4C2F-8DE4-2C05125DA6BD}"
EndProject
Project("{FAE04EC0-301F-11D3-BF4B-00C04F79EFBC}") = "FCG.Web", "src\FCG.Web\FCG.Web.csproj", "{97B17D69-E73F-4E0D-93F6-F493D49C036F}"
EndProject
Global
	GlobalSection(SolutionConfigurationPlatforms) = preSolution
		Debug|Any CPU = Debug|Any CPU
		Debug|x64 = Debug|x64
		Debug|x86 = Debug|x86
		Release|Any CPU = Release|Any CPU
		Release|x64 = Release|x64
		Release|x86 = Release|x86
	EndGlobalSection
	GlobalSection(ProjectConfigurationPlatforms) = postSolution
		{A92A9766-D1E2-4DCD-B308-4EA906BC65BE}.Debug|Any CPU.ActiveCfg = Debug|Any CPU
		{A92A9766-D1E2-4DCD-B308-4EA906BC65BE}.Debug|Any CPU.Build.0 = Debug|Any CPU
		{A92A9766-D1E2-4DCD-B308-4EA906BC65BE}.Debug|x64.ActiveCfg = Debug|Any CPU
		{A92A9766-D1E2-4DCD-B308-4EA906BC65BE}.Debug|x64.Build.0 = Debug|Any CPU
		{A92A9766-D1E2-4DCD-B308-4EA906BC65BE}.Debug|x86.ActiveCfg = Debug|Any CPU
		{A92A9766-D1E2-4DCD-B308-4EA906BC65BE}.Debug|x86.Build.0 = Debug|Any CPU
		{A92A9766-D1E2-4DCD-B308-4EA906BC65BE}.Release|Any CPU.ActiveCfg = Release|Any CPU
		{A92A9766-D1E2-4DCD-B308-4EA906BC65BE}.Release|Any CPU.Build.0 = Release|Any CPU
		{A92A9766-D1E2-4DCD-B308-4EA906BC65BE}.Release|x64.ActiveCfg = Release|Any CPU
		{A92A9766-D1E2-4DCD-B308-4EA906BC65BE}.Release|x64.Build.0 = Release|Any CPU
		{A92A9766-D1E2-4DCD-B308-4EA906BC65BE}.Release|x86.ActiveCfg = Release|Any CPU
		{A92A9766-D1E2-4DCD-B308-4EA906BC65BE}.Release|x86.Build.0 = Release|Any CPU
		{D80CDD64-B3A3-47D4-9F2D-7CA24F0F54F5}.Debug|Any CPU.ActiveCfg = Debug|Any CPU
		{D80CDD64-B3A3-47D4-9F2D-7CA24F0F54F5}.Debug|Any CPU.Build.0 = Debug|Any CPU
		{D80CDD64-B3A3-47D4-9F2D-7CA24F0F54F5}.Debug|x64.ActiveCfg = Debug|Any CPU
		{D80CDD64-B3A3-47D4-9F2D-7CA24F0F54F5}.Debug|x64.Build.0 = Debug|Any CPU
		{D80CDD64-B3A3-47D4-9F2D-7CA24F0F54F5}.Debug|x86.ActiveCfg = Debug|Any CPU
		{D80CDD64-B3A3-47D4-9F2D-7CA24F0F54F5}.Debug|x86.Build.0 = Debug|Any CPU
		{D80CDD64-B3A3-47D4-9F2D-7CA24F0F54F5}.Release|Any CPU.ActiveCfg = Release|Any CPU
		{D80CDD64-B3A3-47D4-9F2D-7CA24F0F54F5}.Release|Any CPU.Build.0 = Release|Any CPU
		{D80CDD64-B3A3-47D4-9F2D-7CA24F0F54F5}.Release|x64.ActiveCfg = Release|Any CPU
		{D80CDD64-B3A3-47D4-9F2D-7CA24F0F54F5}.Release|x64.Build.0 = Release|Any CPU
		{D80CDD64-B3A3-47D4-9F2D-7CA24F0F54F5}.Release|x86.ActiveCfg = Release|Any CPU
		{D80CDD64-B3A3-47D4-9F2D-7CA24F0F54F5}.Release|x86.Build.0 = Release|Any CPU
		{AA5E11D0-67F4-4012-9DF1-6B53D71BA540}.Debug|Any CPU.ActiveCfg = Debug|Any CPU
		{AA5E11D0-67F4-4012-9DF1-6B53D71BA540}.Debug|Any CPU.Build.0 = Debug|Any CPU
		{AA5E11D0-67F4-4012-9DF1-6B53D71BA540}.Debug|x64.ActiveCfg = Debug|Any CPU
		{AA5E11D0-67F4-4012-9DF1-6B53D71BA540}.Debug|x64.Build.0 = Debug|Any CPU
		{AA5E11D0-67F4-4012-9DF1-6B53D71BA540}.Debug|x86.ActiveCfg = Debug|Any CPU
		{AA5E11D0-67F4-4012-9DF1-6B53D71BA540}.Debug|x86.Build.0 = Debug|Any CPU
		{AA5E11D0-67F4-4012-9DF1-6B53D71BA540}.Release|Any CPU.ActiveCfg = Release|Any CPU
		{AA5E11D0-67F4-4012-9DF1-6B53D71BA540}.Release|Any CPU.Build.0 = Release|Any CPU
		{AA5E11D0-67F4-4012-9DF1-6B53D71BA540}.Release|x64.ActiveCfg = Release|Any CPU
		{AA5E11D0-67F4-4012-9DF1-6B53D71BA540}.Release|x64.Build.0 = Release|Any CPU
		{AA5E11D0-67F4-4012-9DF1-6B53D71BA540}.Release|x86.ActiveCfg = Release|Any CPU
		{AA5E11D0-67F4-4012-9DF1-6B53D71BA540}.Release|x86.Build.0 = Release|Any CPU
		{B36E12A6-C55C-4C2F-8DE4-2C05125DA6BD}.Debug|Any CPU.ActiveCfg = Debug|Any CPU
		{B36E12A6-C55C-4C2F-8DE4-2C05125DA6BD}.Debug|Any CPU.Build.0 = Debug|Any CPU
		{B36E12A6-C55C-4C2F-8DE4-2C05125DA6BD}.Debug|x64.ActiveCfg = Debug|Any CPU
		{B36E12A6-C55C-4C2F-8DE4-2C05125DA6BD}.Debug|x64.Build.0 = Debug|Any CPU
		{B36E12A6-C55C-4C2F-8DE4-2C05125DA6BD}.Debug|x86.ActiveCfg = Debug|Any CPU
		{B36E12A6-C55C-4C2F-8DE4-2C05125DA6BD}.Debug|x86.Build.0 = Debug|Any CPU
		{B36E12A6-C55C-4C2F-8DE4-2C05125DA6BD}.Release|Any CPU.ActiveCfg = Release|Any CPU
		{B36E12A6-C55C-4C2F-8DE4-2C05125DA6BD}.Release|Any CPU.Build.0 = Release|Any CPU
		{B36E12A6-C55C-4C2F-8DE4-2C05125DA6BD}.Release|x64.ActiveCfg = Release|Any CPU
		{B36E12A6-C55C-4C2F-8DE4-2C05125DA6BD}.Release|x64.Build.0 = Release|Any CPU
		{B36E12A6-C55C-4C2F-8DE4-2C05125DA6BD}.Release|x86.ActiveCfg = Release|Any CPU
		{B36E12A6-C55C-4C2F-8DE4-2C05125DA6BD}.Release|x86.Build.0 = Release|Any CPU
		{97B17D69-E73F-4E0D-93F6-F493D49C036F}.Debug|Any CPU.ActiveCfg = Debug|Any CPU
		{97B17D69-E73F-4E0D-93F6-F493D49C036F}.Debug|Any CPU.Build.0 = Debug|Any CPU
		{97B17D69-E73F-4E0D-93F6-F493D49C036F}.Debug|x64.ActiveCfg = Debug|Any CPU
		{97B17D69-E73F-4E0D-93F6-F493D49C036F}.Debug|x64.Build.0 = Debug|Any CPU
		{97B17D69-E73F-4E0D-93F6-F493D49C036F}.Debug|x86.ActiveCfg = Debug|Any CPU
		{97B17D69-E73F-4E0D-93F6-F493D49C036F}.Debug|x86.Build.0 = Debug|Any CPU
		{97B17D69-E73F-4E0D-93F6-F493D49C036F}.Release|Any CPU.ActiveCfg = Release|Any CPU
		{97B17D69-E73F-4E0D-93F6-F493D49C036F}.Release|Any CPU.Build.0 = Release|Any CPU
		{97B17D69-E73F-4E0D-93F6-F493D49C036F}.Release|x64.ActiveCfg = Release|Any CPU
		{97B17D69-E73F-4E0D-93F6-F493D49C036F}.Release|x64.Build.0 = Release|Any CPU
		{97B17D69-E73F-4E0D-93F6-F493D49C036F}.Release|x86.ActiveCfg = Release|Any CPU
		{97B17D69-E73F-4E0D-93F6-F493D49C036F}.Release|x86.Build.0 = Release|Any CPU
	EndGlobalSection
	GlobalSection(SolutionProperties) = preSolution
		HideSolutionNode = FALSE
	EndGlobalSection
	GlobalSection(NestedProjects) = preSolution
		{A92A9766-D1E2-4DCD-B308-4EA906BC65BE} = {AC55BB88-F2F9-432F-8F65-1698E6B5B951}
		{9310AB0A-2295-4799-A579-97F987551A27} = {0FC00E33-65F4-4750-9420-5B43082C1B78}
		{E6BF7353-FC4C-419C-817B-47DFEB343079} = {0FC00E33-65F4-4750-9420-5B43082C1B78}
		{EC222718-C688-4EA6-8832-4B5D3418B06B} = {0FC00E33-65F4-4750-9420-5B43082C1B78}
		{B63EFD8D-FCF9-4AD6-B51B-CA7B52D352B6} = {0FC00E33-65F4-4750-9420-5B43082C1B78}
		{D80CDD64-B3A3-47D4-9F2D-7CA24F0F54F5} = {B63EFD8D-FCF9-4AD6-B51B-CA7B52D352B6}
		{AA5E11D0-67F4-4012-9DF1-6B53D71BA540} = {E6BF7353-FC4C-419C-817B-47DFEB343079}
		{B36E12A6-C55C-4C2F-8DE4-2C05125DA6BD} = {EC222718-C688-4EA6-8832-4B5D3418B06B}
		{97B17D69-E73F-4E0D-93F6-F493D49C036F} = {9310AB0A-2295-4799-A579-97F987551A27}
	EndGlobalSection
	GlobalSection(ExtensibilityGlobals) = postSolution
		SolutionGuid = {A58F84C3-E411-47F5-9BAD-4FDFB44A43BF}
	EndGlobalSection
EndGlobal
